
Microsoft Visual Studio Solution File, Format Version 12.00
# Visual Studio Version 17
VisualStudioVersion = 17.7.34221.43
MinimumVisualStudioVersion = 10.0.40219.1
Project("{8BC9CEB8-8B4A-11D0-8D11-00A0C91BC942}") = "mai", "mai\mai.vcxproj", "{D0A0A598-9748-4ADE-A345-9E9957C143D6}"
EndProject
Project("{8BC9CEB8-8B4A-11D0-8D11-00A0C91BC942}") = "UnitTest1", "UnitTest1\UnitTest1.vcxproj", "{7B78CEFA-5692-472E-8F63-DB11CE44E986}"
EndProject
Global
	GlobalSection(SolutionConfigurationPlatforms) = preSolution
		Debug|x64 = Debug|x64
		Debug|x86 = Debug|x86
		Release|x64 = Release|x64
		Release|x86 = Release|x86
	EndGlobalSection
	GlobalSection(ProjectConfigurationPlatforms) = postSolution
		{D0A0A598-9748-4ADE-A345-9E9957C143D6}.Debug|x64.ActiveCfg = Debug|x64
		{D0A0A598-9748-4ADE-A345-9E9957C143D6}.Debug|x64.Build.0 = Debug|x64
		{D0A0A598-9748-4ADE-A345-9E9957C143D6}.Debug|x86.ActiveCfg = Debug|Win32
		{D0A0A598-9748-4ADE-A345-9E9957C143D6}.Debug|x86.Build.0 = Debug|Win32
		{D0A0A598-9748-4ADE-A345-9E9957C143D6}.Release|x64.ActiveCfg = Release|x64
		{D0A0A598-9748-4ADE-A345-9E9957C143D6}.Release|x64.Build.0 = Release|x64
		{D0A0A598-9748-4ADE-A345-9E9957C143D6}.Release|x86.ActiveCfg = Release|Win32
		{D0A0A598-9748-4ADE-A345-9E9957C143D6}.Release|x86.Build.0 = Release|Win32
		{7B78CEFA-5692-472E-8F63-DB11CE44E986}.Debug|x64.ActiveCfg = Debug|x64
		{7B78CEFA-5692-472E-8F63-DB11CE44E986}.Debug|x64.Build.0 = Debug|x64
		{7B78CEFA-5692-472E-8F63-DB11CE44E986}.Debug|x86.ActiveCfg = Debug|Win32
		{7B78CEFA-5692-472E-8F63-DB11CE44E986}.Debug|x86.Build.0 = Debug|Win32
		{7B78CEFA-5692-472E-8F63-DB11CE44E986}.Release|x64.ActiveCfg = Release|x64
		{7B78CEFA-5692-472E-8F63-DB11CE44E986}.Release|x64.Build.0 = Release|x64
		{7B78CEFA-5692-472E-8F63-DB11CE44E986}.Release|x86.ActiveCfg = Release|Win32
		{7B78CEFA-5692-472E-8F63-DB11CE44E986}.Release|x86.Build.0 = Release|Win32
	EndGlobalSection
	GlobalSection(SolutionProperties) = preSolution
		HideSolutionNode = FALSE
	EndGlobalSection
	GlobalSection(ExtensibilityGlobals) = postSolution
		SolutionGuid = {32B2B4A3-D5E3-4CE6-90F8-7ACAB4A1D157}
	EndGlobalSection
EndGlobal
